
Microsoft Visual Studio Solution File, Format Version 12.00
# Visual Studio Version 17
VisualStudioVersion = 17.14.36414.22 d17.14
MinimumVisualStudioVersion = 10.0.40219.1
Project("{FAE04EC0-301F-11D3-BF4B-00C04F79EFBC}") = "HealthChecks.ClickHouse.Ado", "HealthChecks.ClickHouse.Ado\HealthChecks.ClickHouse.Ado.csproj", "{CDBE2BD5-DCE3-418F-BEA6-5484BED77292}"
EndProject
Global
	GlobalSection(SolutionConfigurationPlatforms) = preSolution
		Debug|Any CPU = Debug|Any CPU
		Release|Any CPU = Release|Any CPU
	EndGlobalSection
	GlobalSection(ProjectConfigurationPlatforms) = postSolution
		{CDBE2BD5-DCE3-418F-BEA6-5484BED77292}.Debug|Any CPU.ActiveCfg = Debug|Any CPU
		{CDBE2BD5-DCE3-418F-BEA6-5484BED77292}.Debug|Any CPU.Build.0 = Debug|Any CPU
		{CDBE2BD5-DCE3-418F-BEA6-5484BED77292}.Release|Any CPU.ActiveCfg = Release|Any CPU
		{CDBE2BD5-DCE3-418F-BEA6-5484BED77292}.Release|Any CPU.Build.0 = Release|Any CPU
	EndGlobalSection
	GlobalSection(SolutionProperties) = preSolution
		HideSolutionNode = FALSE
	EndGlobalSection
	GlobalSection(ExtensibilityGlobals) = postSolution
		SolutionGuid = {41D5318E-12C6-4B75-BC6C-62A1ADCF4EE7}
	EndGlobalSection
EndGlobal
